
Microsoft Visual Studio Solution File, Format Version 12.00
# Visual Studio Version 17
VisualStudioVersion = 17.0.31611.283
MinimumVisualStudioVersion = 10.0.40219.1
Project("{9A19103F-16F7-4668-BE54-9A1E7A4F7556}") = "PersonalAssetsMobile", "PersonalAssetsMobile.csproj", "{D738F816-05E5-458C-9D89-723A6FB6CC6B}"
EndProject
Project("{9A19103F-16F7-4668-BE54-9A1E7A4F7556}") = "Models", "..\Models\Models.csproj", "{C1B40CE8-8DD6-4636-94F1-15E92D12C118}"
EndProject
Project("{9A19103F-16F7-4668-BE54-9A1E7A4F7556}") = "BLL", "..\Services\BLL.csproj", "{97C7F225-D8C2-4802-BE9B-4B83B3A2F23D}"
EndProject
Project("{9A19103F-16F7-4668-BE54-9A1E7A4F7556}") = "LocalDBRepos", "..\Repositories\LocalDBRepos.csproj", "{9ADAD177-40C4-43D0-B769-023B82386C36}"
EndProject
Project("{9A19103F-16F7-4668-BE54-9A1E7A4F7556}") = "ApiDAL", "..\ApiServices\ApiDAL.csproj", "{3C48F84B-1859-4A36-9352-872C6BF53C51}"
EndProject
Global
	GlobalSection(SolutionConfigurationPlatforms) = preSolution
		Debug|Any CPU = Debug|Any CPU
		Release|Any CPU = Release|Any CPU
	EndGlobalSection
	GlobalSection(ProjectConfigurationPlatforms) = postSolution
		{D738F816-05E5-458C-9D89-723A6FB6CC6B}.Debug|Any CPU.ActiveCfg = Debug|Any CPU
		{D738F816-05E5-458C-9D89-723A6FB6CC6B}.Debug|Any CPU.Build.0 = Debug|Any CPU
		{D738F816-05E5-458C-9D89-723A6FB6CC6B}.Debug|Any CPU.Deploy.0 = Debug|Any CPU
		{D738F816-05E5-458C-9D89-723A6FB6CC6B}.Release|Any CPU.ActiveCfg = Release|Any CPU
		{D738F816-05E5-458C-9D89-723A6FB6CC6B}.Release|Any CPU.Build.0 = Release|Any CPU
		{D738F816-05E5-458C-9D89-723A6FB6CC6B}.Release|Any CPU.Deploy.0 = Release|Any CPU
		{C1B40CE8-8DD6-4636-94F1-15E92D12C118}.Debug|Any CPU.ActiveCfg = Debug|Any CPU
		{C1B40CE8-8DD6-4636-94F1-15E92D12C118}.Debug|Any CPU.Build.0 = Debug|Any CPU
		{C1B40CE8-8DD6-4636-94F1-15E92D12C118}.Release|Any CPU.ActiveCfg = Release|Any CPU
		{C1B40CE8-8DD6-4636-94F1-15E92D12C118}.Release|Any CPU.Build.0 = Release|Any CPU
		{97C7F225-D8C2-4802-BE9B-4B83B3A2F23D}.Debug|Any CPU.ActiveCfg = Debug|Any CPU
		{97C7F225-D8C2-4802-BE9B-4B83B3A2F23D}.Debug|Any CPU.Build.0 = Debug|Any CPU
		{97C7F225-D8C2-4802-BE9B-4B83B3A2F23D}.Release|Any CPU.ActiveCfg = Release|Any CPU
		{97C7F225-D8C2-4802-BE9B-4B83B3A2F23D}.Release|Any CPU.Build.0 = Release|Any CPU
		{9ADAD177-40C4-43D0-B769-023B82386C36}.Debug|Any CPU.ActiveCfg = Debug|Any CPU
		{9ADAD177-40C4-43D0-B769-023B82386C36}.Debug|Any CPU.Build.0 = Debug|Any CPU
		{9ADAD177-40C4-43D0-B769-023B82386C36}.Release|Any CPU.ActiveCfg = Release|Any CPU
		{9ADAD177-40C4-43D0-B769-023B82386C36}.Release|Any CPU.Build.0 = Release|Any CPU
		{3C48F84B-1859-4A36-9352-872C6BF53C51}.Debug|Any CPU.ActiveCfg = Debug|Any CPU
		{3C48F84B-1859-4A36-9352-872C6BF53C51}.Debug|Any CPU.Build.0 = Debug|Any CPU
		{3C48F84B-1859-4A36-9352-872C6BF53C51}.Release|Any CPU.ActiveCfg = Release|Any CPU
		{3C48F84B-1859-4A36-9352-872C6BF53C51}.Release|Any CPU.Build.0 = Release|Any CPU
	EndGlobalSection
	GlobalSection(SolutionProperties) = preSolution
		HideSolutionNode = FALSE
	EndGlobalSection
	GlobalSection(ExtensibilityGlobals) = postSolution
		SolutionGuid = {61F7FB11-1E47-470C-91E2-47F8143E1572}
	EndGlobalSection
EndGlobal
